
Microsoft Visual Studio Solution File, Format Version 12.00
# Visual Studio Version 16
VisualStudioVersion = 16.0.32510.428
MinimumVisualStudioVersion = 10.0.40219.1
Project("{E24C65DC-7377-472B-9ABA-BC803B73C61A}") = "ASS5", "..\Desktop\ASS5\", "{58D5A032-9CDB-444B-B4BE-76A0283D5D4E}"
	ProjectSection(WebsiteProperties) = preProject
		TargetFrameworkMoniker = ".NETFramework,Version%3Dv4.0"
		Debug.AspNetCompiler.VirtualPath = "/localhost_50096"
		Debug.AspNetCompiler.PhysicalPath = "..\..\..\Desktop\ASS5\"
		Debug.AspNetCompiler.TargetPath = "PrecompiledWeb\localhost_50096\"
		Debug.AspNetCompiler.Updateable = "true"
		Debug.AspNetCompiler.ForceOverwrite = "true"
		Debug.AspNetCompiler.FixedNames = "false"
		Debug.AspNetCompiler.Debug = "True"
		Release.AspNetCompiler.VirtualPath = "/localhost_50096"
		Release.AspNetCompiler.PhysicalPath = "..\..\..\Desktop\ASS5\"
		Release.AspNetCompiler.TargetPath = "PrecompiledWeb\localhost_50096\"
		Release.AspNetCompiler.Updateable = "true"
		Release.AspNetCompiler.ForceOverwrite = "true"
		Release.AspNetCompiler.FixedNames = "false"
		Release.AspNetCompiler.Debug = "False"
		VWDPort = "50096"
	EndProjectSection
EndProject
Global
	GlobalSection(SolutionConfigurationPlatforms) = preSolution
		Debug|Any CPU = Debug|Any CPU
	EndGlobalSection
	GlobalSection(ProjectConfigurationPlatforms) = postSolution
		{58D5A032-9CDB-444B-B4BE-76A0283D5D4E}.Debug|Any CPU.ActiveCfg = Debug|Any CPU
		{58D5A032-9CDB-444B-B4BE-76A0283D5D4E}.Debug|Any CPU.Build.0 = Debug|Any CPU
	EndGlobalSection
	GlobalSection(SolutionProperties) = preSolution
		HideSolutionNode = FALSE
	EndGlobalSection
	GlobalSection(ExtensibilityGlobals) = postSolution
		SolutionGuid = {4655C9EC-5274-49BC-8249-1342AF4821B9}
	EndGlobalSection
EndGlobal
