
Microsoft Visual Studio Solution File, Format Version 12.00
# Visual Studio Version 17
VisualStudioVersion = 17.2.32616.157
MinimumVisualStudioVersion = 10.0.40219.1
Project("{FAE04EC0-301F-11D3-BF4B-00C04F79EFBC}") = "CityInformation.API", "CityInformation.API\CityInformation.API.csproj", "{D6538C45-576D-4A56-BF64-3DDB6BCA9DC0}"
EndProject
Global
	GlobalSection(SolutionConfigurationPlatforms) = preSolution
		Debug|Any CPU = Debug|Any CPU
		Release|Any CPU = Release|Any CPU
	EndGlobalSection
	GlobalSection(ProjectConfigurationPlatforms) = postSolution
		{D6538C45-576D-4A56-BF64-3DDB6BCA9DC0}.Debug|Any CPU.ActiveCfg = Debug|Any CPU
		{D6538C45-576D-4A56-BF64-3DDB6BCA9DC0}.Debug|Any CPU.Build.0 = Debug|Any CPU
		{D6538C45-576D-4A56-BF64-3DDB6BCA9DC0}.Release|Any CPU.ActiveCfg = Release|Any CPU
		{D6538C45-576D-4A56-BF64-3DDB6BCA9DC0}.Release|Any CPU.Build.0 = Release|Any CPU
	EndGlobalSection
	GlobalSection(SolutionProperties) = preSolution
		HideSolutionNode = FALSE
	EndGlobalSection
	GlobalSection(ExtensibilityGlobals) = postSolution
		SolutionGuid = {8D04BAD1-8158-44F2-A0DD-27161035A00F}
	EndGlobalSection
EndGlobal
