
Microsoft Visual Studio Solution File, Format Version 12.00
# Visual Studio Version 16
VisualStudioVersion = 16.0.32228.343
MinimumVisualStudioVersion = 10.0.40219.1
Project("{FAE04EC0-301F-11D3-BF4B-00C04F79EFBC}") = "Boring", "Boring\Boring.csproj", "{D7E06CC4-EEC4-4E34-A36B-1F9F0485AB81}"
EndProject
Global
	GlobalSection(SolutionConfigurationPlatforms) = preSolution
		Debug|Any CPU = Debug|Any CPU
		Release|Any CPU = Release|Any CPU
	EndGlobalSection
	GlobalSection(ProjectConfigurationPlatforms) = postSolution
		{D7E06CC4-EEC4-4E34-A36B-1F9F0485AB81}.Debug|Any CPU.ActiveCfg = Debug|Any CPU
		{D7E06CC4-EEC4-4E34-A36B-1F9F0485AB81}.Debug|Any CPU.Build.0 = Debug|Any CPU
		{D7E06CC4-EEC4-4E34-A36B-1F9F0485AB81}.Release|Any CPU.ActiveCfg = Release|Any CPU
		{D7E06CC4-EEC4-4E34-A36B-1F9F0485AB81}.Release|Any CPU.Build.0 = Release|Any CPU
	EndGlobalSection
	GlobalSection(SolutionProperties) = preSolution
		HideSolutionNode = FALSE
	EndGlobalSection
	GlobalSection(ExtensibilityGlobals) = postSolution
		SolutionGuid = {8069DBCC-84A2-4BFF-A0EE-0EBE00D18A56}
	EndGlobalSection
EndGlobal
