
Microsoft Visual Studio Solution File, Format Version 12.00
# Visual Studio Version 17
VisualStudioVersion = 17.3.32804.467
MinimumVisualStudioVersion = 10.0.40219.1
Project("{FAE04EC0-301F-11D3-BF4B-00C04F79EFBC}") = "PRSchool", "PRSchool\PRSchool.csproj", "{66FCF917-6EFB-4BD7-B400-EF83037F384E}"
EndProject
Global
	GlobalSection(SolutionConfigurationPlatforms) = preSolution
		Debug|Any CPU = Debug|Any CPU
		Release|Any CPU = Release|Any CPU
	EndGlobalSection
	GlobalSection(ProjectConfigurationPlatforms) = postSolution
		{66FCF917-6EFB-4BD7-B400-EF83037F384E}.Debug|Any CPU.ActiveCfg = Debug|Any CPU
		{66FCF917-6EFB-4BD7-B400-EF83037F384E}.Debug|Any CPU.Build.0 = Debug|Any CPU
		{66FCF917-6EFB-4BD7-B400-EF83037F384E}.Release|Any CPU.ActiveCfg = Release|Any CPU
		{66FCF917-6EFB-4BD7-B400-EF83037F384E}.Release|Any CPU.Build.0 = Release|Any CPU
	EndGlobalSection
	GlobalSection(SolutionProperties) = preSolution
		HideSolutionNode = FALSE
	EndGlobalSection
	GlobalSection(ExtensibilityGlobals) = postSolution
		SolutionGuid = {945DE265-D258-4BF2-AB04-AE9D6B0B625D}
	EndGlobalSection
EndGlobal
