
Microsoft Visual Studio Solution File, Format Version 12.00
# Visual Studio Version 17
VisualStudioVersion = 17.3.32804.467
MinimumVisualStudioVersion = 10.0.40219.1
Project("{FAE04EC0-301F-11D3-BF4B-00C04F79EFBC}") = "PrivateSchoolAPI", "PrivateSchoolAPI\PrivateSchoolAPI.csproj", "{F202D4B9-EAAD-425B-8482-1C7B45C7ECE0}"
EndProject
Global
	GlobalSection(SolutionConfigurationPlatforms) = preSolution
		Debug|Any CPU = Debug|Any CPU
		Release|Any CPU = Release|Any CPU
	EndGlobalSection
	GlobalSection(ProjectConfigurationPlatforms) = postSolution
		{F202D4B9-EAAD-425B-8482-1C7B45C7ECE0}.Debug|Any CPU.ActiveCfg = Debug|Any CPU
		{F202D4B9-EAAD-425B-8482-1C7B45C7ECE0}.Debug|Any CPU.Build.0 = Debug|Any CPU
		{F202D4B9-EAAD-425B-8482-1C7B45C7ECE0}.Release|Any CPU.ActiveCfg = Release|Any CPU
		{F202D4B9-EAAD-425B-8482-1C7B45C7ECE0}.Release|Any CPU.Build.0 = Release|Any CPU
	EndGlobalSection
	GlobalSection(SolutionProperties) = preSolution
		HideSolutionNode = FALSE
	EndGlobalSection
	GlobalSection(ExtensibilityGlobals) = postSolution
		SolutionGuid = {44F8845A-BB95-4AD7-91E1-3A7BB4ADFEBF}
	EndGlobalSection
EndGlobal
