
Microsoft Visual Studio Solution File, Format Version 12.00
# Visual Studio Version 16
VisualStudioVersion = 16.0.32228.343
MinimumVisualStudioVersion = 10.0.40219.1
Project("{FAE04EC0-301F-11D3-BF4B-00C04F79EFBC}") = "KinoStage1", "KinoStage1.csproj", "{BBAE2179-1143-429B-AB07-46EB9FEE986D}"
EndProject
Global
	GlobalSection(SolutionConfigurationPlatforms) = preSolution
		Debug|Any CPU = Debug|Any CPU
		Release|Any CPU = Release|Any CPU
	EndGlobalSection
	GlobalSection(ProjectConfigurationPlatforms) = postSolution
		{BBAE2179-1143-429B-AB07-46EB9FEE986D}.Debug|Any CPU.ActiveCfg = Debug|Any CPU
		{BBAE2179-1143-429B-AB07-46EB9FEE986D}.Debug|Any CPU.Build.0 = Debug|Any CPU
		{BBAE2179-1143-429B-AB07-46EB9FEE986D}.Release|Any CPU.ActiveCfg = Release|Any CPU
		{BBAE2179-1143-429B-AB07-46EB9FEE986D}.Release|Any CPU.Build.0 = Release|Any CPU
	EndGlobalSection
	GlobalSection(SolutionProperties) = preSolution
		HideSolutionNode = FALSE
	EndGlobalSection
	GlobalSection(ExtensibilityGlobals) = postSolution
		SolutionGuid = {6C05E853-2011-4E55-B008-81E2987E912A}
	EndGlobalSection
EndGlobal
