
Microsoft Visual Studio Solution File, Format Version 12.00
# Visual Studio Version 17
VisualStudioVersion = 17.3.32804.467
MinimumVisualStudioVersion = 10.0.40219.1
Project("{FAE04EC0-301F-11D3-BF4B-00C04F79EFBC}") = "SRP", "SRP\SRP.csproj", "{8A9BBAA9-25F5-4FEF-B18F-0530E5E11064}"
EndProject
Project("{FAE04EC0-301F-11D3-BF4B-00C04F79EFBC}") = "OCP", "OCP\OCP.csproj", "{2FEC18D8-6E7C-490D-B149-214DCFEDC26F}"
EndProject
Global
	GlobalSection(SolutionConfigurationPlatforms) = preSolution
		Debug|Any CPU = Debug|Any CPU
		Release|Any CPU = Release|Any CPU
	EndGlobalSection
	GlobalSection(ProjectConfigurationPlatforms) = postSolution
		{8A9BBAA9-25F5-4FEF-B18F-0530E5E11064}.Debug|Any CPU.ActiveCfg = Debug|Any CPU
		{8A9BBAA9-25F5-4FEF-B18F-0530E5E11064}.Debug|Any CPU.Build.0 = Debug|Any CPU
		{8A9BBAA9-25F5-4FEF-B18F-0530E5E11064}.Release|Any CPU.ActiveCfg = Release|Any CPU
		{8A9BBAA9-25F5-4FEF-B18F-0530E5E11064}.Release|Any CPU.Build.0 = Release|Any CPU
		{2FEC18D8-6E7C-490D-B149-214DCFEDC26F}.Debug|Any CPU.ActiveCfg = Debug|Any CPU
		{2FEC18D8-6E7C-490D-B149-214DCFEDC26F}.Debug|Any CPU.Build.0 = Debug|Any CPU
		{2FEC18D8-6E7C-490D-B149-214DCFEDC26F}.Release|Any CPU.ActiveCfg = Release|Any CPU
		{2FEC18D8-6E7C-490D-B149-214DCFEDC26F}.Release|Any CPU.Build.0 = Release|Any CPU
	EndGlobalSection
	GlobalSection(SolutionProperties) = preSolution
		HideSolutionNode = FALSE
	EndGlobalSection
	GlobalSection(ExtensibilityGlobals) = postSolution
		SolutionGuid = {32E4C152-C251-43BA-A253-3155D9416FFC}
	EndGlobalSection
EndGlobal
