
Microsoft Visual Studio Solution File, Format Version 12.00
# Visual Studio Version 17
VisualStudioVersion = 17.2.32616.157
MinimumVisualStudioVersion = 10.0.40219.1
Project("{FAE04EC0-301F-11D3-BF4B-00C04F79EFBC}") = "CityInfo.API", "CityInfo.API\CityInfo.API.csproj", "{9E7604CF-A62F-4B93-821B-1D992C61D272}"
EndProject
Global
	GlobalSection(SolutionConfigurationPlatforms) = preSolution
		Debug|Any CPU = Debug|Any CPU
		Release|Any CPU = Release|Any CPU
	EndGlobalSection
	GlobalSection(ProjectConfigurationPlatforms) = postSolution
		{9E7604CF-A62F-4B93-821B-1D992C61D272}.Debug|Any CPU.ActiveCfg = Debug|Any CPU
		{9E7604CF-A62F-4B93-821B-1D992C61D272}.Debug|Any CPU.Build.0 = Debug|Any CPU
		{9E7604CF-A62F-4B93-821B-1D992C61D272}.Release|Any CPU.ActiveCfg = Release|Any CPU
		{9E7604CF-A62F-4B93-821B-1D992C61D272}.Release|Any CPU.Build.0 = Release|Any CPU
	EndGlobalSection
	GlobalSection(SolutionProperties) = preSolution
		HideSolutionNode = FALSE
	EndGlobalSection
	GlobalSection(ExtensibilityGlobals) = postSolution
		SolutionGuid = {5E8A340E-151D-4960-876B-C3218EDA9D2F}
	EndGlobalSection
EndGlobal
