
Microsoft Visual Studio Solution File, Format Version 12.00
# Visual Studio Version 16
VisualStudioVersion = 16.0.32228.343
MinimumVisualStudioVersion = 10.0.40219.1
Project("{FAE04EC0-301F-11D3-BF4B-00C04F79EFBC}") = "OOPCB16", "OOPCB16\OOPCB16.csproj", "{74D74DA9-277E-4117-80B4-31AD82FFB756}"
EndProject
Global
	GlobalSection(SolutionConfigurationPlatforms) = preSolution
		Debug|Any CPU = Debug|Any CPU
		Release|Any CPU = Release|Any CPU
	EndGlobalSection
	GlobalSection(ProjectConfigurationPlatforms) = postSolution
		{74D74DA9-277E-4117-80B4-31AD82FFB756}.Debug|Any CPU.ActiveCfg = Debug|Any CPU
		{74D74DA9-277E-4117-80B4-31AD82FFB756}.Debug|Any CPU.Build.0 = Debug|Any CPU
		{74D74DA9-277E-4117-80B4-31AD82FFB756}.Release|Any CPU.ActiveCfg = Release|Any CPU
		{74D74DA9-277E-4117-80B4-31AD82FFB756}.Release|Any CPU.Build.0 = Release|Any CPU
	EndGlobalSection
	GlobalSection(SolutionProperties) = preSolution
		HideSolutionNode = FALSE
	EndGlobalSection
	GlobalSection(ExtensibilityGlobals) = postSolution
		SolutionGuid = {B927A2B3-5ED1-4237-A6D4-7A8FE5EA1BB6}
	EndGlobalSection
EndGlobal
