
Microsoft Visual Studio Solution File, Format Version 12.00
# Visual Studio Version 17
VisualStudioVersion = 17.2.32630.192
MinimumVisualStudioVersion = 10.0.40219.1
Project("{FAE04EC0-301F-11D3-BF4B-00C04F79EFBC}") = "Bookingg", "Bookingg\Bookingg.csproj", "{02996B0B-2CD1-466F-8598-A84B84DD645A}"
EndProject
Project("{FAE04EC0-301F-11D3-BF4B-00C04F79EFBC}") = "Bookingg.DataAccess", "Bookingg.DataAccess\Bookingg.DataAccess.csproj", "{C53A7BBB-DED9-4CA6-B526-EB5D8FF49E62}"
EndProject
Project("{FAE04EC0-301F-11D3-BF4B-00C04F79EFBC}") = "Booking.Models", "Booking.Models\Booking.Models.csproj", "{54ED2309-2DE6-4178-BDB4-4B65E4EEEDD3}"
EndProject
Project("{FAE04EC0-301F-11D3-BF4B-00C04F79EFBC}") = "Bookingg.Utility", "Bookingg.Utility\Bookingg.Utility.csproj", "{8D9736B5-A0E8-45EE-BF20-B742046E7E66}"
EndProject
Global
	GlobalSection(SolutionConfigurationPlatforms) = preSolution
		Debug|Any CPU = Debug|Any CPU
		Release|Any CPU = Release|Any CPU
	EndGlobalSection
	GlobalSection(ProjectConfigurationPlatforms) = postSolution
		{02996B0B-2CD1-466F-8598-A84B84DD645A}.Debug|Any CPU.ActiveCfg = Debug|Any CPU
		{02996B0B-2CD1-466F-8598-A84B84DD645A}.Debug|Any CPU.Build.0 = Debug|Any CPU
		{02996B0B-2CD1-466F-8598-A84B84DD645A}.Release|Any CPU.ActiveCfg = Release|Any CPU
		{02996B0B-2CD1-466F-8598-A84B84DD645A}.Release|Any CPU.Build.0 = Release|Any CPU
		{C53A7BBB-DED9-4CA6-B526-EB5D8FF49E62}.Debug|Any CPU.ActiveCfg = Debug|Any CPU
		{C53A7BBB-DED9-4CA6-B526-EB5D8FF49E62}.Debug|Any CPU.Build.0 = Debug|Any CPU
		{C53A7BBB-DED9-4CA6-B526-EB5D8FF49E62}.Release|Any CPU.ActiveCfg = Release|Any CPU
		{C53A7BBB-DED9-4CA6-B526-EB5D8FF49E62}.Release|Any CPU.Build.0 = Release|Any CPU
		{54ED2309-2DE6-4178-BDB4-4B65E4EEEDD3}.Debug|Any CPU.ActiveCfg = Debug|Any CPU
		{54ED2309-2DE6-4178-BDB4-4B65E4EEEDD3}.Debug|Any CPU.Build.0 = Debug|Any CPU
		{54ED2309-2DE6-4178-BDB4-4B65E4EEEDD3}.Release|Any CPU.ActiveCfg = Release|Any CPU
		{54ED2309-2DE6-4178-BDB4-4B65E4EEEDD3}.Release|Any CPU.Build.0 = Release|Any CPU
		{8D9736B5-A0E8-45EE-BF20-B742046E7E66}.Debug|Any CPU.ActiveCfg = Debug|Any CPU
		{8D9736B5-A0E8-45EE-BF20-B742046E7E66}.Debug|Any CPU.Build.0 = Debug|Any CPU
		{8D9736B5-A0E8-45EE-BF20-B742046E7E66}.Release|Any CPU.ActiveCfg = Release|Any CPU
		{8D9736B5-A0E8-45EE-BF20-B742046E7E66}.Release|Any CPU.Build.0 = Release|Any CPU
	EndGlobalSection
	GlobalSection(SolutionProperties) = preSolution
		HideSolutionNode = FALSE
	EndGlobalSection
	GlobalSection(ExtensibilityGlobals) = postSolution
		SolutionGuid = {B816BAA4-B090-4CB9-9C21-BFC15956C337}
	EndGlobalSection
EndGlobal
