
Microsoft Visual Studio Solution File, Format Version 12.00
# Visual Studio Version 16
VisualStudioVersion = 16.0.32228.343
MinimumVisualStudioVersion = 10.0.40219.1
Project("{FAE04EC0-301F-11D3-BF4B-00C04F79EFBC}") = "FootballTeam", "FootballTeam\FootballTeam.csproj", "{91224EA5-62A3-468A-B8E7-972D06626914}"
EndProject
Global
	GlobalSection(SolutionConfigurationPlatforms) = preSolution
		Debug|Any CPU = Debug|Any CPU
		Release|Any CPU = Release|Any CPU
	EndGlobalSection
	GlobalSection(ProjectConfigurationPlatforms) = postSolution
		{91224EA5-62A3-468A-B8E7-972D06626914}.Debug|Any CPU.ActiveCfg = Debug|Any CPU
		{91224EA5-62A3-468A-B8E7-972D06626914}.Debug|Any CPU.Build.0 = Debug|Any CPU
		{91224EA5-62A3-468A-B8E7-972D06626914}.Release|Any CPU.ActiveCfg = Release|Any CPU
		{91224EA5-62A3-468A-B8E7-972D06626914}.Release|Any CPU.Build.0 = Release|Any CPU
	EndGlobalSection
	GlobalSection(SolutionProperties) = preSolution
		HideSolutionNode = FALSE
	EndGlobalSection
	GlobalSection(ExtensibilityGlobals) = postSolution
		SolutionGuid = {90883CC4-B8C1-422A-859C-6B2364DD0E4C}
	EndGlobalSection
EndGlobal
