
Microsoft Visual Studio Solution File, Format Version 12.00
# Visual Studio Version 16
VisualStudioVersion = 16.0.32228.343
MinimumVisualStudioVersion = 10.0.40219.1
Project("{FAE04EC0-301F-11D3-BF4B-00C04F79EFBC}") = "StringVSStringBuilder", "StringVSStringBuilder\StringVSStringBuilder.csproj", "{8D41C5A0-0708-469A-9CF1-43C969F2B3D1}"
EndProject
Global
	GlobalSection(SolutionConfigurationPlatforms) = preSolution
		Debug|Any CPU = Debug|Any CPU
		Release|Any CPU = Release|Any CPU
	EndGlobalSection
	GlobalSection(ProjectConfigurationPlatforms) = postSolution
		{8D41C5A0-0708-469A-9CF1-43C969F2B3D1}.Debug|Any CPU.ActiveCfg = Debug|Any CPU
		{8D41C5A0-0708-469A-9CF1-43C969F2B3D1}.Debug|Any CPU.Build.0 = Debug|Any CPU
		{8D41C5A0-0708-469A-9CF1-43C969F2B3D1}.Release|Any CPU.ActiveCfg = Release|Any CPU
		{8D41C5A0-0708-469A-9CF1-43C969F2B3D1}.Release|Any CPU.Build.0 = Release|Any CPU
	EndGlobalSection
	GlobalSection(SolutionProperties) = preSolution
		HideSolutionNode = FALSE
	EndGlobalSection
	GlobalSection(ExtensibilityGlobals) = postSolution
		SolutionGuid = {EC28CACC-1B4D-4244-B7A0-F728026F6377}
	EndGlobalSection
EndGlobal
