
Microsoft Visual Studio Solution File, Format Version 12.00
# Visual Studio Version 16
VisualStudioVersion = 16.0.32228.343
MinimumVisualStudioVersion = 10.0.40219.1
Project("{FAE04EC0-301F-11D3-BF4B-00C04F79EFBC}") = "ChessTournamentTest", "ChessTournamentTest\ChessTournamentTest.csproj", "{B1D4BE1C-2B23-43E9-912E-AD96401BDE6A}"
EndProject
Global
	GlobalSection(SolutionConfigurationPlatforms) = preSolution
		Debug|Any CPU = Debug|Any CPU
		Release|Any CPU = Release|Any CPU
	EndGlobalSection
	GlobalSection(ProjectConfigurationPlatforms) = postSolution
		{B1D4BE1C-2B23-43E9-912E-AD96401BDE6A}.Debug|Any CPU.ActiveCfg = Debug|Any CPU
		{B1D4BE1C-2B23-43E9-912E-AD96401BDE6A}.Debug|Any CPU.Build.0 = Debug|Any CPU
		{B1D4BE1C-2B23-43E9-912E-AD96401BDE6A}.Release|Any CPU.ActiveCfg = Release|Any CPU
		{B1D4BE1C-2B23-43E9-912E-AD96401BDE6A}.Release|Any CPU.Build.0 = Release|Any CPU
	EndGlobalSection
	GlobalSection(SolutionProperties) = preSolution
		HideSolutionNode = FALSE
	EndGlobalSection
	GlobalSection(ExtensibilityGlobals) = postSolution
		SolutionGuid = {0A38E7E4-F309-4677-A09F-5ABC3DE09EE5}
	EndGlobalSection
EndGlobal
