
Microsoft Visual Studio Solution File, Format Version 12.00
# Visual Studio Version 17
VisualStudioVersion = 17.2.32616.157
MinimumVisualStudioVersion = 10.0.40219.1
Project("{9A19103F-16F7-4668-BE54-9A1E7A4F7556}") = "BulkyBookWeb", "BulkyBookWeb\BulkyBookWeb.csproj", "{667FD224-084C-45D1-B448-F55F76E71347}"
EndProject
Project("{9A19103F-16F7-4668-BE54-9A1E7A4F7556}") = "BulkyBook.DataAccess", "BulkyBook.DataAccess\BulkyBook.DataAccess.csproj", "{603DB0DB-5E90-4196-B8F3-8BEAD815C3E6}"
EndProject
Project("{9A19103F-16F7-4668-BE54-9A1E7A4F7556}") = "BulkyBook.Models", "BulkyBook.Models\BulkyBook.Models.csproj", "{897876A3-3188-4A40-9937-8696F65E74E6}"
EndProject
Project("{9A19103F-16F7-4668-BE54-9A1E7A4F7556}") = "BulkyBook.Utility", "BulkyBook.Utility\BulkyBook.Utility.csproj", "{168C2B74-163F-4E18-8667-5547F0FE630D}"
EndProject
Global
	GlobalSection(SolutionConfigurationPlatforms) = preSolution
		Debug|Any CPU = Debug|Any CPU
		Release|Any CPU = Release|Any CPU
	EndGlobalSection
	GlobalSection(ProjectConfigurationPlatforms) = postSolution
		{667FD224-084C-45D1-B448-F55F76E71347}.Debug|Any CPU.ActiveCfg = Debug|Any CPU
		{667FD224-084C-45D1-B448-F55F76E71347}.Debug|Any CPU.Build.0 = Debug|Any CPU
		{667FD224-084C-45D1-B448-F55F76E71347}.Release|Any CPU.ActiveCfg = Release|Any CPU
		{667FD224-084C-45D1-B448-F55F76E71347}.Release|Any CPU.Build.0 = Release|Any CPU
		{603DB0DB-5E90-4196-B8F3-8BEAD815C3E6}.Debug|Any CPU.ActiveCfg = Debug|Any CPU
		{603DB0DB-5E90-4196-B8F3-8BEAD815C3E6}.Debug|Any CPU.Build.0 = Debug|Any CPU
		{603DB0DB-5E90-4196-B8F3-8BEAD815C3E6}.Release|Any CPU.ActiveCfg = Release|Any CPU
		{603DB0DB-5E90-4196-B8F3-8BEAD815C3E6}.Release|Any CPU.Build.0 = Release|Any CPU
		{897876A3-3188-4A40-9937-8696F65E74E6}.Debug|Any CPU.ActiveCfg = Debug|Any CPU
		{897876A3-3188-4A40-9937-8696F65E74E6}.Debug|Any CPU.Build.0 = Debug|Any CPU
		{897876A3-3188-4A40-9937-8696F65E74E6}.Release|Any CPU.ActiveCfg = Release|Any CPU
		{897876A3-3188-4A40-9937-8696F65E74E6}.Release|Any CPU.Build.0 = Release|Any CPU
		{168C2B74-163F-4E18-8667-5547F0FE630D}.Debug|Any CPU.ActiveCfg = Debug|Any CPU
		{168C2B74-163F-4E18-8667-5547F0FE630D}.Debug|Any CPU.Build.0 = Debug|Any CPU
		{168C2B74-163F-4E18-8667-5547F0FE630D}.Release|Any CPU.ActiveCfg = Release|Any CPU
		{168C2B74-163F-4E18-8667-5547F0FE630D}.Release|Any CPU.Build.0 = Release|Any CPU
	EndGlobalSection
	GlobalSection(SolutionProperties) = preSolution
		HideSolutionNode = FALSE
	EndGlobalSection
	GlobalSection(ExtensibilityGlobals) = postSolution
		SolutionGuid = {354B449C-5680-4B6F-8B7B-926243E68240}
	EndGlobalSection
EndGlobal
