
Microsoft Visual Studio Solution File, Format Version 12.00
# Visual Studio Version 17
VisualStudioVersion = 17.2.32526.322
MinimumVisualStudioVersion = 10.0.40219.1
Project("{FAE04EC0-301F-11D3-BF4B-00C04F79EFBC}") = "Assignment3", "Assignment3\Assignment3.csproj", "{4F3A88CA-E174-416B-B041-9C127DE22DAC}"
EndProject
Global
	GlobalSection(SolutionConfigurationPlatforms) = preSolution
		Debug|Any CPU = Debug|Any CPU
		Release|Any CPU = Release|Any CPU
	EndGlobalSection
	GlobalSection(ProjectConfigurationPlatforms) = postSolution
		{4F3A88CA-E174-416B-B041-9C127DE22DAC}.Debug|Any CPU.ActiveCfg = Debug|Any CPU
		{4F3A88CA-E174-416B-B041-9C127DE22DAC}.Debug|Any CPU.Build.0 = Debug|Any CPU
		{4F3A88CA-E174-416B-B041-9C127DE22DAC}.Release|Any CPU.ActiveCfg = Release|Any CPU
		{4F3A88CA-E174-416B-B041-9C127DE22DAC}.Release|Any CPU.Build.0 = Release|Any CPU
	EndGlobalSection
	GlobalSection(SolutionProperties) = preSolution
		HideSolutionNode = FALSE
	EndGlobalSection
	GlobalSection(ExtensibilityGlobals) = postSolution
		SolutionGuid = {02DA5055-1651-4024-B6EC-FE25388E5D83}
	EndGlobalSection
EndGlobal
