
Microsoft Visual Studio Solution File, Format Version 12.00
# Visual Studio Version 16
VisualStudioVersion = 16.0.32228.343
MinimumVisualStudioVersion = 10.0.40219.1
Project("{FAE04EC0-301F-11D3-BF4B-00C04F79EFBC}") = "DelegatesAdvancedConcepts", "DelegatesAdvancedConcepts\DelegatesAdvancedConcepts.csproj", "{93B85B73-FC33-435B-8E9C-A32034984507}"
EndProject
Project("{FAE04EC0-301F-11D3-BF4B-00C04F79EFBC}") = "DemoooLib", "DemoooLib\DemoooLib.csproj", "{134729DC-529A-4A95-B4FC-3927052D7601}"
EndProject
Global
	GlobalSection(SolutionConfigurationPlatforms) = preSolution
		Debug|Any CPU = Debug|Any CPU
		Release|Any CPU = Release|Any CPU
	EndGlobalSection
	GlobalSection(ProjectConfigurationPlatforms) = postSolution
		{93B85B73-FC33-435B-8E9C-A32034984507}.Debug|Any CPU.ActiveCfg = Debug|Any CPU
		{93B85B73-FC33-435B-8E9C-A32034984507}.Debug|Any CPU.Build.0 = Debug|Any CPU
		{93B85B73-FC33-435B-8E9C-A32034984507}.Release|Any CPU.ActiveCfg = Release|Any CPU
		{93B85B73-FC33-435B-8E9C-A32034984507}.Release|Any CPU.Build.0 = Release|Any CPU
		{134729DC-529A-4A95-B4FC-3927052D7601}.Debug|Any CPU.ActiveCfg = Debug|Any CPU
		{134729DC-529A-4A95-B4FC-3927052D7601}.Debug|Any CPU.Build.0 = Debug|Any CPU
		{134729DC-529A-4A95-B4FC-3927052D7601}.Release|Any CPU.ActiveCfg = Release|Any CPU
		{134729DC-529A-4A95-B4FC-3927052D7601}.Release|Any CPU.Build.0 = Release|Any CPU
	EndGlobalSection
	GlobalSection(SolutionProperties) = preSolution
		HideSolutionNode = FALSE
	EndGlobalSection
	GlobalSection(ExtensibilityGlobals) = postSolution
		SolutionGuid = {D8F9CD8A-1EFF-4B1F-AE2C-B954D264CFC8}
	EndGlobalSection
EndGlobal
