
Microsoft Visual Studio Solution File, Format Version 12.00
# Visual Studio Version 16
VisualStudioVersion = 16.0.32228.343
MinimumVisualStudioVersion = 10.0.40219.1
Project("{FAE04EC0-301F-11D3-BF4B-00C04F79EFBC}") = "UniversalIDs", "UniversalIDs\UniversalIDs.csproj", "{BCD2AAAB-B5E8-4C20-A502-F80F1EC408BE}"
EndProject
Global
	GlobalSection(SolutionConfigurationPlatforms) = preSolution
		Debug|Any CPU = Debug|Any CPU
		Release|Any CPU = Release|Any CPU
	EndGlobalSection
	GlobalSection(ProjectConfigurationPlatforms) = postSolution
		{BCD2AAAB-B5E8-4C20-A502-F80F1EC408BE}.Debug|Any CPU.ActiveCfg = Debug|Any CPU
		{BCD2AAAB-B5E8-4C20-A502-F80F1EC408BE}.Debug|Any CPU.Build.0 = Debug|Any CPU
		{BCD2AAAB-B5E8-4C20-A502-F80F1EC408BE}.Release|Any CPU.ActiveCfg = Release|Any CPU
		{BCD2AAAB-B5E8-4C20-A502-F80F1EC408BE}.Release|Any CPU.Build.0 = Release|Any CPU
	EndGlobalSection
	GlobalSection(SolutionProperties) = preSolution
		HideSolutionNode = FALSE
	EndGlobalSection
	GlobalSection(ExtensibilityGlobals) = postSolution
		SolutionGuid = {836DCD47-FE1E-46AC-A5FF-0CC0FF151141}
	EndGlobalSection
EndGlobal
