
Microsoft Visual Studio Solution File, Format Version 12.00
# Visual Studio Version 17
VisualStudioVersion = 17.2.32516.85
MinimumVisualStudioVersion = 10.0.40219.1
Project("{FAE04EC0-301F-11D3-BF4B-00C04F79EFBC}") = "DependencyInversion", "Dependencynversion\DependencyInversion.csproj", "{72018F48-D36E-4120-ABC1-80E4804F83B0}"
EndProject
Project("{FAE04EC0-301F-11D3-BF4B-00C04F79EFBC}") = "DemoLibrary", "DemoLibrary\DemoLibrary.csproj", "{894CF7D8-1AE2-4A26-ACE9-AE177012CB72}"
EndProject
Global
	GlobalSection(SolutionConfigurationPlatforms) = preSolution
		Debug|Any CPU = Debug|Any CPU
		Release|Any CPU = Release|Any CPU
	EndGlobalSection
	GlobalSection(ProjectConfigurationPlatforms) = postSolution
		{72018F48-D36E-4120-ABC1-80E4804F83B0}.Debug|Any CPU.ActiveCfg = Debug|Any CPU
		{72018F48-D36E-4120-ABC1-80E4804F83B0}.Debug|Any CPU.Build.0 = Debug|Any CPU
		{72018F48-D36E-4120-ABC1-80E4804F83B0}.Release|Any CPU.ActiveCfg = Release|Any CPU
		{72018F48-D36E-4120-ABC1-80E4804F83B0}.Release|Any CPU.Build.0 = Release|Any CPU
		{894CF7D8-1AE2-4A26-ACE9-AE177012CB72}.Debug|Any CPU.ActiveCfg = Debug|Any CPU
		{894CF7D8-1AE2-4A26-ACE9-AE177012CB72}.Debug|Any CPU.Build.0 = Debug|Any CPU
		{894CF7D8-1AE2-4A26-ACE9-AE177012CB72}.Release|Any CPU.ActiveCfg = Release|Any CPU
		{894CF7D8-1AE2-4A26-ACE9-AE177012CB72}.Release|Any CPU.Build.0 = Release|Any CPU
	EndGlobalSection
	GlobalSection(SolutionProperties) = preSolution
		HideSolutionNode = FALSE
	EndGlobalSection
	GlobalSection(ExtensibilityGlobals) = postSolution
		SolutionGuid = {37F81CF7-4172-4629-A9EE-B60B5DE49B25}
	EndGlobalSection
EndGlobal
