
Microsoft Visual Studio Solution File, Format Version 12.00
# Visual Studio Version 16
VisualStudioVersion = 16.0.32228.343
MinimumVisualStudioVersion = 10.0.40219.1
Project("{FAE04EC0-301F-11D3-BF4B-00C04F79EFBC}") = "PrivateSchoolRepeatPartA", "PrivateSchoolRepeatPartA\PrivateSchoolRepeatPartA.csproj", "{9A7831CD-B161-4DBB-BACD-4828C0B04E09}"
EndProject
Global
	GlobalSection(SolutionConfigurationPlatforms) = preSolution
		Debug|Any CPU = Debug|Any CPU
		Release|Any CPU = Release|Any CPU
	EndGlobalSection
	GlobalSection(ProjectConfigurationPlatforms) = postSolution
		{9A7831CD-B161-4DBB-BACD-4828C0B04E09}.Debug|Any CPU.ActiveCfg = Debug|Any CPU
		{9A7831CD-B161-4DBB-BACD-4828C0B04E09}.Debug|Any CPU.Build.0 = Debug|Any CPU
		{9A7831CD-B161-4DBB-BACD-4828C0B04E09}.Release|Any CPU.ActiveCfg = Release|Any CPU
		{9A7831CD-B161-4DBB-BACD-4828C0B04E09}.Release|Any CPU.Build.0 = Release|Any CPU
	EndGlobalSection
	GlobalSection(SolutionProperties) = preSolution
		HideSolutionNode = FALSE
	EndGlobalSection
	GlobalSection(ExtensibilityGlobals) = postSolution
		SolutionGuid = {861794C9-F2AE-47C6-A5C6-6DA34C4D037F}
	EndGlobalSection
EndGlobal
