
Microsoft Visual Studio Solution File, Format Version 12.00
# Visual Studio Version 17
VisualStudioVersion = 17.2.32516.85
MinimumVisualStudioVersion = 10.0.40219.1
Project("{E24C65DC-7377-472B-9ABA-BC803B73C61A}") = "Mickey", "..\..\..\Desktop\Mickey\", "{67922983-856F-4D9C-89CB-A70F83AE6A08}"
	ProjectSection(WebsiteProperties) = preProject
		TargetFrameworkMoniker = ".NETFramework,Version%3Dv4.0"
		Debug.AspNetCompiler.VirtualPath = "/localhost_59855"
		Debug.AspNetCompiler.PhysicalPath = "..\..\..\Desktop\Mickey\"
		Debug.AspNetCompiler.TargetPath = "PrecompiledWeb\localhost_59855\"
		Debug.AspNetCompiler.Updateable = "true"
		Debug.AspNetCompiler.ForceOverwrite = "true"
		Debug.AspNetCompiler.FixedNames = "false"
		Debug.AspNetCompiler.Debug = "True"
		Release.AspNetCompiler.VirtualPath = "/localhost_59855"
		Release.AspNetCompiler.PhysicalPath = "..\..\..\Desktop\Mickey\"
		Release.AspNetCompiler.TargetPath = "PrecompiledWeb\localhost_59855\"
		Release.AspNetCompiler.Updateable = "true"
		Release.AspNetCompiler.ForceOverwrite = "true"
		Release.AspNetCompiler.FixedNames = "false"
		Release.AspNetCompiler.Debug = "False"
		VWDPort = "59855"
		SlnRelativePath = "..\..\..\Desktop\Mickey\"
	EndProjectSection
EndProject
Global
	GlobalSection(SolutionConfigurationPlatforms) = preSolution
		Debug|Any CPU = Debug|Any CPU
	EndGlobalSection
	GlobalSection(ProjectConfigurationPlatforms) = postSolution
		{67922983-856F-4D9C-89CB-A70F83AE6A08}.Debug|Any CPU.ActiveCfg = Debug|Any CPU
		{67922983-856F-4D9C-89CB-A70F83AE6A08}.Debug|Any CPU.Build.0 = Debug|Any CPU
	EndGlobalSection
	GlobalSection(SolutionProperties) = preSolution
		HideSolutionNode = FALSE
	EndGlobalSection
	GlobalSection(ExtensibilityGlobals) = postSolution
		SolutionGuid = {DB835ED2-C5DC-4199-995F-BD120651E0BB}
	EndGlobalSection
EndGlobal
