
Microsoft Visual Studio Solution File, Format Version 12.00
# Visual Studio Version 16
VisualStudioVersion = 16.0.32228.343
MinimumVisualStudioVersion = 10.0.40219.1
Project("{FAE04EC0-301F-11D3-BF4B-00C04F79EFBC}") = "KinoProject", "KinoProject\KinoProject.csproj", "{1B5968B5-32B0-46CC-BC9C-4B66435A6460}"
EndProject
Global
	GlobalSection(SolutionConfigurationPlatforms) = preSolution
		Debug|Any CPU = Debug|Any CPU
		Release|Any CPU = Release|Any CPU
	EndGlobalSection
	GlobalSection(ProjectConfigurationPlatforms) = postSolution
		{1B5968B5-32B0-46CC-BC9C-4B66435A6460}.Debug|Any CPU.ActiveCfg = Debug|Any CPU
		{1B5968B5-32B0-46CC-BC9C-4B66435A6460}.Debug|Any CPU.Build.0 = Debug|Any CPU
		{1B5968B5-32B0-46CC-BC9C-4B66435A6460}.Release|Any CPU.ActiveCfg = Release|Any CPU
		{1B5968B5-32B0-46CC-BC9C-4B66435A6460}.Release|Any CPU.Build.0 = Release|Any CPU
	EndGlobalSection
	GlobalSection(SolutionProperties) = preSolution
		HideSolutionNode = FALSE
	EndGlobalSection
	GlobalSection(ExtensibilityGlobals) = postSolution
		SolutionGuid = {599F0DFA-C52F-4887-9F76-2EC3D3432155}
	EndGlobalSection
EndGlobal
