
Microsoft Visual Studio Solution File, Format Version 12.00
# Visual Studio Version 17
VisualStudioVersion = 17.1.32210.238
MinimumVisualStudioVersion = 10.0.40219.1
Project("{FAE04EC0-301F-11D3-BF4B-00C04F79EFBC}") = "OOPConcepts", "OOPConcepts\OOPConcepts.csproj", "{5114E758-4DEA-4771-BF5F-BB0D37C3ADC1}"
EndProject
Global
	GlobalSection(SolutionConfigurationPlatforms) = preSolution
		Debug|Any CPU = Debug|Any CPU
		Release|Any CPU = Release|Any CPU
	EndGlobalSection
	GlobalSection(ProjectConfigurationPlatforms) = postSolution
		{5114E758-4DEA-4771-BF5F-BB0D37C3ADC1}.Debug|Any CPU.ActiveCfg = Debug|Any CPU
		{5114E758-4DEA-4771-BF5F-BB0D37C3ADC1}.Debug|Any CPU.Build.0 = Debug|Any CPU
		{5114E758-4DEA-4771-BF5F-BB0D37C3ADC1}.Release|Any CPU.ActiveCfg = Release|Any CPU
		{5114E758-4DEA-4771-BF5F-BB0D37C3ADC1}.Release|Any CPU.Build.0 = Release|Any CPU
	EndGlobalSection
	GlobalSection(SolutionProperties) = preSolution
		HideSolutionNode = FALSE
	EndGlobalSection
	GlobalSection(ExtensibilityGlobals) = postSolution
		SolutionGuid = {42F0BE49-9696-4C07-BE12-151B2F1DD93D}
	EndGlobalSection
EndGlobal
