
Microsoft Visual Studio Solution File, Format Version 12.00
# Visual Studio Version 16
VisualStudioVersion = 16.0.32228.343
MinimumVisualStudioVersion = 10.0.40219.1
Project("{FAE04EC0-301F-11D3-BF4B-00C04F79EFBC}") = "AdvamcedTopicsCsharp", "AdvamcedTopicsCsharp\AdvamcedTopicsCsharp.csproj", "{9632D5DC-A0AC-44A7-B634-4AEA8698940C}"
EndProject
Project("{FAE04EC0-301F-11D3-BF4B-00C04F79EFBC}") = "Structs", "Structs\Structs.csproj", "{2AC85CB5-0790-4BA4-B545-B3195AC6A782}"
EndProject
Global
	GlobalSection(SolutionConfigurationPlatforms) = preSolution
		Debug|Any CPU = Debug|Any CPU
		Release|Any CPU = Release|Any CPU
	EndGlobalSection
	GlobalSection(ProjectConfigurationPlatforms) = postSolution
		{9632D5DC-A0AC-44A7-B634-4AEA8698940C}.Debug|Any CPU.ActiveCfg = Debug|Any CPU
		{9632D5DC-A0AC-44A7-B634-4AEA8698940C}.Debug|Any CPU.Build.0 = Debug|Any CPU
		{9632D5DC-A0AC-44A7-B634-4AEA8698940C}.Release|Any CPU.ActiveCfg = Release|Any CPU
		{9632D5DC-A0AC-44A7-B634-4AEA8698940C}.Release|Any CPU.Build.0 = Release|Any CPU
		{2AC85CB5-0790-4BA4-B545-B3195AC6A782}.Debug|Any CPU.ActiveCfg = Debug|Any CPU
		{2AC85CB5-0790-4BA4-B545-B3195AC6A782}.Debug|Any CPU.Build.0 = Debug|Any CPU
		{2AC85CB5-0790-4BA4-B545-B3195AC6A782}.Release|Any CPU.ActiveCfg = Release|Any CPU
		{2AC85CB5-0790-4BA4-B545-B3195AC6A782}.Release|Any CPU.Build.0 = Release|Any CPU
	EndGlobalSection
	GlobalSection(SolutionProperties) = preSolution
		HideSolutionNode = FALSE
	EndGlobalSection
	GlobalSection(ExtensibilityGlobals) = postSolution
		SolutionGuid = {AAC69187-E108-4F5A-BDB2-BBFD30D8697D}
	EndGlobalSection
EndGlobal
