
Microsoft Visual Studio Solution File, Format Version 12.00
# Visual Studio Version 16
VisualStudioVersion = 16.0.32228.343
MinimumVisualStudioVersion = 10.0.40219.1
Project("{FAE04EC0-301F-11D3-BF4B-00C04F79EFBC}") = "ConnectToDBCB16", "ConnectToDBCB16\ConnectToDBCB16.csproj", "{EB0EEF7E-EA0B-4554-A77D-42668FE94ED8}"
EndProject
Global
	GlobalSection(SolutionConfigurationPlatforms) = preSolution
		Debug|Any CPU = Debug|Any CPU
		Release|Any CPU = Release|Any CPU
	EndGlobalSection
	GlobalSection(ProjectConfigurationPlatforms) = postSolution
		{EB0EEF7E-EA0B-4554-A77D-42668FE94ED8}.Debug|Any CPU.ActiveCfg = Debug|Any CPU
		{EB0EEF7E-EA0B-4554-A77D-42668FE94ED8}.Debug|Any CPU.Build.0 = Debug|Any CPU
		{EB0EEF7E-EA0B-4554-A77D-42668FE94ED8}.Release|Any CPU.ActiveCfg = Release|Any CPU
		{EB0EEF7E-EA0B-4554-A77D-42668FE94ED8}.Release|Any CPU.Build.0 = Release|Any CPU
	EndGlobalSection
	GlobalSection(SolutionProperties) = preSolution
		HideSolutionNode = FALSE
	EndGlobalSection
	GlobalSection(ExtensibilityGlobals) = postSolution
		SolutionGuid = {B40E7E4C-6363-47CA-8429-E81AA3A7EC17}
	EndGlobalSection
EndGlobal
