
Microsoft Visual Studio Solution File, Format Version 12.00
# Visual Studio Version 17
VisualStudioVersion = 17.3.32804.467
MinimumVisualStudioVersion = 10.0.40219.1
Project("{FAE04EC0-301F-11D3-BF4B-00C04F79EFBC}") = "ReflectionCsharpExc", "ReflectionCsharpExc\ReflectionCsharpExc.csproj", "{A791955F-1E20-4F26-BFB7-0A6BAFEEDCEB}"
EndProject
Global
	GlobalSection(SolutionConfigurationPlatforms) = preSolution
		Debug|Any CPU = Debug|Any CPU
		Release|Any CPU = Release|Any CPU
	EndGlobalSection
	GlobalSection(ProjectConfigurationPlatforms) = postSolution
		{A791955F-1E20-4F26-BFB7-0A6BAFEEDCEB}.Debug|Any CPU.ActiveCfg = Debug|Any CPU
		{A791955F-1E20-4F26-BFB7-0A6BAFEEDCEB}.Debug|Any CPU.Build.0 = Debug|Any CPU
		{A791955F-1E20-4F26-BFB7-0A6BAFEEDCEB}.Release|Any CPU.ActiveCfg = Release|Any CPU
		{A791955F-1E20-4F26-BFB7-0A6BAFEEDCEB}.Release|Any CPU.Build.0 = Release|Any CPU
	EndGlobalSection
	GlobalSection(SolutionProperties) = preSolution
		HideSolutionNode = FALSE
	EndGlobalSection
	GlobalSection(ExtensibilityGlobals) = postSolution
		SolutionGuid = {34E73124-31BB-4FA2-B621-5EE38F7146A2}
	EndGlobalSection
EndGlobal
