
Microsoft Visual Studio Solution File, Format Version 12.00
# Visual Studio Version 16
VisualStudioVersion = 16.0.32228.343
MinimumVisualStudioVersion = 10.0.40219.1
Project("{FAE04EC0-301F-11D3-BF4B-00C04F79EFBC}") = "EventsCSharp", "EventsCSharp\EventsCSharp.csproj", "{08BE1C9E-0ED4-47F3-8F60-11DFF624E060}"
EndProject
Global
	GlobalSection(SolutionConfigurationPlatforms) = preSolution
		Debug|Any CPU = Debug|Any CPU
		Release|Any CPU = Release|Any CPU
	EndGlobalSection
	GlobalSection(ProjectConfigurationPlatforms) = postSolution
		{08BE1C9E-0ED4-47F3-8F60-11DFF624E060}.Debug|Any CPU.ActiveCfg = Debug|Any CPU
		{08BE1C9E-0ED4-47F3-8F60-11DFF624E060}.Debug|Any CPU.Build.0 = Debug|Any CPU
		{08BE1C9E-0ED4-47F3-8F60-11DFF624E060}.Release|Any CPU.ActiveCfg = Release|Any CPU
		{08BE1C9E-0ED4-47F3-8F60-11DFF624E060}.Release|Any CPU.Build.0 = Release|Any CPU
	EndGlobalSection
	GlobalSection(SolutionProperties) = preSolution
		HideSolutionNode = FALSE
	EndGlobalSection
	GlobalSection(ExtensibilityGlobals) = postSolution
		SolutionGuid = {06FC69D6-EE4D-4D44-BF32-FFEB7797F2A8}
	EndGlobalSection
EndGlobal
