
Microsoft Visual Studio Solution File, Format Version 12.00
# Visual Studio Version 17
VisualStudioVersion = 17.2.32516.85
MinimumVisualStudioVersion = 10.0.40219.1
Project("{FAE04EC0-301F-11D3-BF4B-00C04F79EFBC}") = "SchoolDatabasePartB", "SchoolDatabasePartB\SchoolDatabasePartB.csproj", "{4F8303C0-CD26-4938-A8F5-BB23B0726719}"
EndProject
Global
	GlobalSection(SolutionConfigurationPlatforms) = preSolution
		Debug|Any CPU = Debug|Any CPU
		Release|Any CPU = Release|Any CPU
	EndGlobalSection
	GlobalSection(ProjectConfigurationPlatforms) = postSolution
		{4F8303C0-CD26-4938-A8F5-BB23B0726719}.Debug|Any CPU.ActiveCfg = Debug|Any CPU
		{4F8303C0-CD26-4938-A8F5-BB23B0726719}.Debug|Any CPU.Build.0 = Debug|Any CPU
		{4F8303C0-CD26-4938-A8F5-BB23B0726719}.Release|Any CPU.ActiveCfg = Release|Any CPU
		{4F8303C0-CD26-4938-A8F5-BB23B0726719}.Release|Any CPU.Build.0 = Release|Any CPU
	EndGlobalSection
	GlobalSection(SolutionProperties) = preSolution
		HideSolutionNode = FALSE
	EndGlobalSection
	GlobalSection(ExtensibilityGlobals) = postSolution
		SolutionGuid = {FEE8EA4D-7A38-4E3D-BF7D-9171D32E38B3}
	EndGlobalSection
EndGlobal
