
Microsoft Visual Studio Solution File, Format Version 12.00
# Visual Studio Version 16
VisualStudioVersion = 16.0.32228.343
MinimumVisualStudioVersion = 10.0.40219.1
Project("{FAE04EC0-301F-11D3-BF4B-00C04F79EFBC}") = "Stage1", "Stage1\Stage1.csproj", "{94E0FD3C-F59A-4B76-9B91-15831C50A8C7}"
EndProject
Global
	GlobalSection(SolutionConfigurationPlatforms) = preSolution
		Debug|Any CPU = Debug|Any CPU
		Release|Any CPU = Release|Any CPU
	EndGlobalSection
	GlobalSection(ProjectConfigurationPlatforms) = postSolution
		{94E0FD3C-F59A-4B76-9B91-15831C50A8C7}.Debug|Any CPU.ActiveCfg = Debug|Any CPU
		{94E0FD3C-F59A-4B76-9B91-15831C50A8C7}.Debug|Any CPU.Build.0 = Debug|Any CPU
		{94E0FD3C-F59A-4B76-9B91-15831C50A8C7}.Release|Any CPU.ActiveCfg = Release|Any CPU
		{94E0FD3C-F59A-4B76-9B91-15831C50A8C7}.Release|Any CPU.Build.0 = Release|Any CPU
	EndGlobalSection
	GlobalSection(SolutionProperties) = preSolution
		HideSolutionNode = FALSE
	EndGlobalSection
	GlobalSection(ExtensibilityGlobals) = postSolution
		SolutionGuid = {554726F0-6D08-4031-9D77-210247E458C7}
	EndGlobalSection
EndGlobal
